
Microsoft Visual Studio Solution File, Format Version 12.00
# Visual Studio Version 16
VisualStudioVersion = 16.0.29911.84
MinimumVisualStudioVersion = 10.0.40219.1
Project("{9A19103F-16F7-4668-BE54-9A1E7A4F7556}") = "Xamarin.FormsPrismSamp01", "Xamarin.FormsPrismSamp01\Xamarin.FormsPrismSamp01\Xamarin.FormsPrismSamp01.csproj", "{745E835C-A610-479A-BB46-95C38FF90403}"
EndProject
Project("{FAE04EC0-301F-11D3-BF4B-00C04F79EFBC}") = "Xamarin.FormsPrismSamp01.Android", "Xamarin.FormsPrismSamp01\Xamarin.FormsPrismSamp01.Android\Xamarin.FormsPrismSamp01.Android.csproj", "{ADC7639D-66A1-4FAB-B215-32258ADE6186}"
EndProject
Project("{FAE04EC0-301F-11D3-BF4B-00C04F79EFBC}") = "Xamarin.FormsPrismSamp01.iOS", "Xamarin.FormsPrismSamp01\Xamarin.FormsPrismSamp01.iOS\Xamarin.FormsPrismSamp01.iOS.csproj", "{11542D3B-A9A9-4CAB-82F0-5A5E0EC6B07A}"
EndProject
Project("{FAE04EC0-301F-11D3-BF4B-00C04F79EFBC}") = "Xamarin.FormsPrismSamp01.UWP", "Xamarin.FormsPrismSamp01\Xamarin.FormsPrismSamp01.UWP\Xamarin.FormsPrismSamp01.UWP.csproj", "{89FC8003-3F0F-4C7E-A78D-A59D268792E4}"
EndProject
Project("{2150E333-8FDC-42A3-9474-1A3956D46DE8}") = "Tests", "Tests", "{B5715CBD-E0AC-4EBF-9CEC-00292417D81C}"
EndProject
Project("{9A19103F-16F7-4668-BE54-9A1E7A4F7556}") = "Xamarin.FormsPrismSamp01Tests", "Xamarin.FormsPrismSamp01\Xamarin.FormsPrismSamp01Tests\Xamarin.FormsPrismSamp01Tests.csproj", "{1AC58434-49C8-4DB8-9B5D-4B25A064D2A7}"
EndProject
Global
	GlobalSection(SolutionConfigurationPlatforms) = preSolution
		Ad-Hoc|Any CPU = Ad-Hoc|Any CPU
		Ad-Hoc|ARM = Ad-Hoc|ARM
		Ad-Hoc|iPhone = Ad-Hoc|iPhone
		Ad-Hoc|iPhoneSimulator = Ad-Hoc|iPhoneSimulator
		Ad-Hoc|x64 = Ad-Hoc|x64
		Ad-Hoc|x86 = Ad-Hoc|x86
		AppStore|Any CPU = AppStore|Any CPU
		AppStore|ARM = AppStore|ARM
		AppStore|iPhone = AppStore|iPhone
		AppStore|iPhoneSimulator = AppStore|iPhoneSimulator
		AppStore|x64 = AppStore|x64
		AppStore|x86 = AppStore|x86
		Debug|Any CPU = Debug|Any CPU
		Debug|ARM = Debug|ARM
		Debug|iPhone = Debug|iPhone
		Debug|iPhoneSimulator = Debug|iPhoneSimulator
		Debug|x64 = Debug|x64
		Debug|x86 = Debug|x86
		Release|Any CPU = Release|Any CPU
		Release|ARM = Release|ARM
		Release|iPhone = Release|iPhone
		Release|iPhoneSimulator = Release|iPhoneSimulator
		Release|x64 = Release|x64
		Release|x86 = Release|x86
	EndGlobalSection
	GlobalSection(ProjectConfigurationPlatforms) = postSolution
		{745E835C-A610-479A-BB46-95C38FF90403}.Ad-Hoc|Any CPU.ActiveCfg = Debug|Any CPU
		{745E835C-A610-479A-BB46-95C38FF90403}.Ad-Hoc|Any CPU.Build.0 = Debug|Any CPU
		{745E835C-A610-479A-BB46-95C38FF90403}.Ad-Hoc|ARM.ActiveCfg = Debug|Any CPU
		{745E835C-A610-479A-BB46-95C38FF90403}.Ad-Hoc|ARM.Build.0 = Debug|Any CPU
		{745E835C-A610-479A-BB46-95C38FF90403}.Ad-Hoc|iPhone.ActiveCfg = Debug|Any CPU
		{745E835C-A610-479A-BB46-95C38FF90403}.Ad-Hoc|iPhone.Build.0 = Debug|Any CPU
		{745E835C-A610-479A-BB46-95C38FF90403}.Ad-Hoc|iPhoneSimulator.ActiveCfg = Debug|Any CPU
		{745E835C-A610-479A-BB46-95C38FF90403}.Ad-Hoc|iPhoneSimulator.Build.0 = Debug|Any CPU
		{745E835C-A610-479A-BB46-95C38FF90403}.Ad-Hoc|x64.ActiveCfg = Debug|Any CPU
		{745E835C-A610-479A-BB46-95C38FF90403}.Ad-Hoc|x64.Build.0 = Debug|Any CPU
		{745E835C-A610-479A-BB46-95C38FF90403}.Ad-Hoc|x86.ActiveCfg = Debug|Any CPU
		{745E835C-A610-479A-BB46-95C38FF90403}.Ad-Hoc|x86.Build.0 = Debug|Any CPU
		{745E835C-A610-479A-BB46-95C38FF90403}.AppStore|Any CPU.ActiveCfg = Debug|Any CPU
		{745E835C-A610-479A-BB46-95C38FF90403}.AppStore|Any CPU.Build.0 = Debug|Any CPU
		{745E835C-A610-479A-BB46-95C38FF90403}.AppStore|ARM.ActiveCfg = Debug|Any CPU
		{745E835C-A610-479A-BB46-95C38FF90403}.AppStore|ARM.Build.0 = Debug|Any CPU
		{745E835C-A610-479A-BB46-95C38FF90403}.AppStore|iPhone.ActiveCfg = Debug|Any CPU
		{745E835C-A610-479A-BB46-95C38FF90403}.AppStore|iPhone.Build.0 = Debug|Any CPU
		{745E835C-A610-479A-BB46-95C38FF90403}.AppStore|iPhoneSimulator.ActiveCfg = Debug|Any CPU
		{745E835C-A610-479A-BB46-95C38FF90403}.AppStore|iPhoneSimulator.Build.0 = Debug|Any CPU
		{745E835C-A610-479A-BB46-95C38FF90403}.AppStore|x64.ActiveCfg = Debug|Any CPU
		{745E835C-A610-479A-BB46-95C38FF90403}.AppStore|x64.Build.0 = Debug|Any CPU
		{745E835C-A610-479A-BB46-95C38FF90403}.AppStore|x86.ActiveCfg = Debug|Any CPU
		{745E835C-A610-479A-BB46-95C38FF90403}.AppStore|x86.Build.0 = Debug|Any CPU
		{745E835C-A610-479A-BB46-95C38FF90403}.Debug|Any CPU.ActiveCfg = Debug|Any CPU
		{745E835C-A610-479A-BB46-95C38FF90403}.Debug|Any CPU.Build.0 = Debug|Any CPU
		{745E835C-A610-479A-BB46-95C38FF90403}.Debug|ARM.ActiveCfg = Debug|Any CPU
		{745E835C-A610-479A-BB46-95C38FF90403}.Debug|ARM.Build.0 = Debug|Any CPU
		{745E835C-A610-479A-BB46-95C38FF90403}.Debug|iPhone.ActiveCfg = Debug|Any CPU
		{745E835C-A610-479A-BB46-95C38FF90403}.Debug|iPhone.Build.0 = Debug|Any CPU
		{745E835C-A610-479A-BB46-95C38FF90403}.Debug|iPhoneSimulator.ActiveCfg = Debug|Any CPU
		{745E835C-A610-479A-BB46-95C38FF90403}.Debug|iPhoneSimulator.Build.0 = Debug|Any CPU
		{745E835C-A610-479A-BB46-95C38FF90403}.Debug|x64.ActiveCfg = Debug|Any CPU
		{745E835C-A610-479A-BB46-95C38FF90403}.Debug|x64.Build.0 = Debug|Any CPU
		{745E835C-A610-479A-BB46-95C38FF90403}.Debug|x86.ActiveCfg = Debug|Any CPU
		{745E835C-A610-479A-BB46-95C38FF90403}.Debug|x86.Build.0 = Debug|Any CPU
		{745E835C-A610-479A-BB46-95C38FF90403}.Release|Any CPU.ActiveCfg = Release|Any CPU
		{745E835C-A610-479A-BB46-95C38FF90403}.Release|Any CPU.Build.0 = Release|Any CPU
		{745E835C-A610-479A-BB46-95C38FF90403}.Release|ARM.ActiveCfg = Release|Any CPU
		{745E835C-A610-479A-BB46-95C38FF90403}.Release|ARM.Build.0 = Release|Any CPU
		{745E835C-A610-479A-BB46-95C38FF90403}.Release|iPhone.ActiveCfg = Release|Any CPU
		{745E835C-A610-479A-BB46-95C38FF90403}.Release|iPhone.Build.0 = Release|Any CPU
		{745E835C-A610-479A-BB46-95C38FF90403}.Release|iPhoneSimulator.ActiveCfg = Release|Any CPU
		{745E835C-A610-479A-BB46-95C38FF90403}.Release|iPhoneSimulator.Build.0 = Release|Any CPU
		{745E835C-A610-479A-BB46-95C38FF90403}.Release|x64.ActiveCfg = Release|Any CPU
		{745E835C-A610-479A-BB46-95C38FF90403}.Release|x64.Build.0 = Release|Any CPU
		{745E835C-A610-479A-BB46-95C38FF90403}.Release|x86.ActiveCfg = Release|Any CPU
		{745E835C-A610-479A-BB46-95C38FF90403}.Release|x86.Build.0 = Release|Any CPU
		{ADC7639D-66A1-4FAB-B215-32258ADE6186}.Ad-Hoc|Any CPU.ActiveCfg = Release|Any CPU
		{ADC7639D-66A1-4FAB-B215-32258ADE6186}.Ad-Hoc|Any CPU.Build.0 = Release|Any CPU
		{ADC7639D-66A1-4FAB-B215-32258ADE6186}.Ad-Hoc|Any CPU.Deploy.0 = Release|Any CPU
		{ADC7639D-66A1-4FAB-B215-32258ADE6186}.Ad-Hoc|ARM.ActiveCfg = Release|Any CPU
		{ADC7639D-66A1-4FAB-B215-32258ADE6186}.Ad-Hoc|ARM.Build.0 = Release|Any CPU
		{ADC7639D-66A1-4FAB-B215-32258ADE6186}.Ad-Hoc|ARM.Deploy.0 = Release|Any CPU
		{ADC7639D-66A1-4FAB-B215-32258ADE6186}.Ad-Hoc|iPhone.ActiveCfg = Release|Any CPU
		{ADC7639D-66A1-4FAB-B215-32258ADE6186}.Ad-Hoc|iPhone.Build.0 = Release|Any CPU
		{ADC7639D-66A1-4FAB-B215-32258ADE6186}.Ad-Hoc|iPhone.Deploy.0 = Release|Any CPU
		{ADC7639D-66A1-4FAB-B215-32258ADE6186}.Ad-Hoc|iPhoneSimulator.ActiveCfg = Release|Any CPU
		{ADC7639D-66A1-4FAB-B215-32258ADE6186}.Ad-Hoc|iPhoneSimulator.Build.0 = Release|Any CPU
		{ADC7639D-66A1-4FAB-B215-32258ADE6186}.Ad-Hoc|iPhoneSimulator.Deploy.0 = Release|Any CPU
		{ADC7639D-66A1-4FAB-B215-32258ADE6186}.Ad-Hoc|x64.ActiveCfg = Release|Any CPU
		{ADC7639D-66A1-4FAB-B215-32258ADE6186}.Ad-Hoc|x64.Build.0 = Release|Any CPU
		{ADC7639D-66A1-4FAB-B215-32258ADE6186}.Ad-Hoc|x64.Deploy.0 = Release|Any CPU
		{ADC7639D-66A1-4FAB-B215-32258ADE6186}.Ad-Hoc|x86.ActiveCfg = Release|Any CPU
		{ADC7639D-66A1-4FAB-B215-32258ADE6186}.Ad-Hoc|x86.Build.0 = Release|Any CPU
		{ADC7639D-66A1-4FAB-B215-32258ADE6186}.Ad-Hoc|x86.Deploy.0 = Release|Any CPU
		{ADC7639D-66A1-4FAB-B215-32258ADE6186}.AppStore|Any CPU.ActiveCfg = Release|Any CPU
		{ADC7639D-66A1-4FAB-B215-32258ADE6186}.AppStore|Any CPU.Build.0 = Release|Any CPU
		{ADC7639D-66A1-4FAB-B215-32258ADE6186}.AppStore|Any CPU.Deploy.0 = Release|Any CPU
		{ADC7639D-66A1-4FAB-B215-32258ADE6186}.AppStore|ARM.ActiveCfg = Release|Any CPU
		{ADC7639D-66A1-4FAB-B215-32258ADE6186}.AppStore|ARM.Build.0 = Release|Any CPU
		{ADC7639D-66A1-4FAB-B215-32258ADE6186}.AppStore|ARM.Deploy.0 = Release|Any CPU
		{ADC7639D-66A1-4FAB-B215-32258ADE6186}.AppStore|iPhone.ActiveCfg = Release|Any CPU
		{ADC7639D-66A1-4FAB-B215-32258ADE6186}.AppStore|iPhone.Build.0 = Release|Any CPU
		{ADC7639D-66A1-4FAB-B215-32258ADE6186}.AppStore|iPhone.Deploy.0 = Release|Any CPU
		{ADC7639D-66A1-4FAB-B215-32258ADE6186}.AppStore|iPhoneSimulator.ActiveCfg = Release|Any CPU
		{ADC7639D-66A1-4FAB-B215-32258ADE6186}.AppStore|iPhoneSimulator.Build.0 = Release|Any CPU
		{ADC7639D-66A1-4FAB-B215-32258ADE6186}.AppStore|iPhoneSimulator.Deploy.0 = Release|Any CPU
		{ADC7639D-66A1-4FAB-B215-32258ADE6186}.AppStore|x64.ActiveCfg = Release|Any CPU
		{ADC7639D-66A1-4FAB-B215-32258ADE6186}.AppStore|x64.Build.0 = Release|Any CPU
		{ADC7639D-66A1-4FAB-B215-32258ADE6186}.AppStore|x64.Deploy.0 = Release|Any CPU
		{ADC7639D-66A1-4FAB-B215-32258ADE6186}.AppStore|x86.ActiveCfg = Release|Any CPU
		{ADC7639D-66A1-4FAB-B215-32258ADE6186}.AppStore|x86.Build.0 = Release|Any CPU
		{ADC7639D-66A1-4FAB-B215-32258ADE6186}.AppStore|x86.Deploy.0 = Release|Any CPU
		{ADC7639D-66A1-4FAB-B215-32258ADE6186}.Debug|Any CPU.ActiveCfg = Debug|Any CPU
		{ADC7639D-66A1-4FAB-B215-32258ADE6186}.Debug|Any CPU.Build.0 = Debug|Any CPU
		{ADC7639D-66A1-4FAB-B215-32258ADE6186}.Debug|Any CPU.Deploy.0 = Debug|Any CPU
		{ADC7639D-66A1-4FAB-B215-32258ADE6186}.Debug|ARM.ActiveCfg = Debug|Any CPU
		{ADC7639D-66A1-4FAB-B215-32258ADE6186}.Debug|ARM.Build.0 = Debug|Any CPU
		{ADC7639D-66A1-4FAB-B215-32258ADE6186}.Debug|ARM.Deploy.0 = Debug|Any CPU
		{ADC7639D-66A1-4FAB-B215-32258ADE6186}.Debug|iPhone.ActiveCfg = Debug|Any CPU
		{ADC7639D-66A1-4FAB-B215-32258ADE6186}.Debug|iPhone.Build.0 = Debug|Any CPU
		{ADC7639D-66A1-4FAB-B215-32258ADE6186}.Debug|iPhone.Deploy.0 = Debug|Any CPU
		{ADC7639D-66A1-4FAB-B215-32258ADE6186}.Debug|iPhoneSimulator.ActiveCfg = Debug|Any CPU
		{ADC7639D-66A1-4FAB-B215-32258ADE6186}.Debug|iPhoneSimulator.Build.0 = Debug|Any CPU
		{ADC7639D-66A1-4FAB-B215-32258ADE6186}.Debug|iPhoneSimulator.Deploy.0 = Debug|Any CPU
		{ADC7639D-66A1-4FAB-B215-32258ADE6186}.Debug|x64.ActiveCfg = Debug|Any CPU
		{ADC7639D-66A1-4FAB-B215-32258ADE6186}.Debug|x64.Build.0 = Debug|Any CPU
		{ADC7639D-66A1-4FAB-B215-32258ADE6186}.Debug|x64.Deploy.0 = Debug|Any CPU
		{ADC7639D-66A1-4FAB-B215-32258ADE6186}.Debug|x86.ActiveCfg = Debug|Any CPU
		{ADC7639D-66A1-4FAB-B215-32258ADE6186}.Debug|x86.Build.0 = Debug|Any CPU
		{ADC7639D-66A1-4FAB-B215-32258ADE6186}.Debug|x86.Deploy.0 = Debug|Any CPU
		{ADC7639D-66A1-4FAB-B215-32258ADE6186}.Release|Any CPU.ActiveCfg = Release|Any CPU
		{ADC7639D-66A1-4FAB-B215-32258ADE6186}.Release|Any CPU.Build.0 = Release|Any CPU
		{ADC7639D-66A1-4FAB-B215-32258ADE6186}.Release|Any CPU.Deploy.0 = Release|Any CPU
		{ADC7639D-66A1-4FAB-B215-32258ADE6186}.Release|ARM.ActiveCfg = Release|Any CPU
		{ADC7639D-66A1-4FAB-B215-32258ADE6186}.Release|ARM.Build.0 = Release|Any CPU
		{ADC7639D-66A1-4FAB-B215-32258ADE6186}.Release|ARM.Deploy.0 = Release|Any CPU
		{ADC7639D-66A1-4FAB-B215-32258ADE6186}.Release|iPhone.ActiveCfg = Release|Any CPU
		{ADC7639D-66A1-4FAB-B215-32258ADE6186}.Release|iPhone.Build.0 = Release|Any CPU
		{ADC7639D-66A1-4FAB-B215-32258ADE6186}.Release|iPhone.Deploy.0 = Release|Any CPU
		{ADC7639D-66A1-4FAB-B215-32258ADE6186}.Release|iPhoneSimulator.ActiveCfg = Release|Any CPU
		{ADC7639D-66A1-4FAB-B215-32258ADE6186}.Release|iPhoneSimulator.Build.0 = Release|Any CPU
		{ADC7639D-66A1-4FAB-B215-32258ADE6186}.Release|iPhoneSimulator.Deploy.0 = Release|Any CPU
		{ADC7639D-66A1-4FAB-B215-32258ADE6186}.Release|x64.ActiveCfg = Release|Any CPU
		{ADC7639D-66A1-4FAB-B215-32258ADE6186}.Release|x64.Build.0 = Release|Any CPU
		{ADC7639D-66A1-4FAB-B215-32258ADE6186}.Release|x64.Deploy.0 = Release|Any CPU
		{ADC7639D-66A1-4FAB-B215-32258ADE6186}.Release|x86.ActiveCfg = Release|Any CPU
		{ADC7639D-66A1-4FAB-B215-32258ADE6186}.Release|x86.Build.0 = Release|Any CPU
		{ADC7639D-66A1-4FAB-B215-32258ADE6186}.Release|x86.Deploy.0 = Release|Any CPU
		{11542D3B-A9A9-4CAB-82F0-5A5E0EC6B07A}.Ad-Hoc|Any CPU.ActiveCfg = Ad-Hoc|iPhone
		{11542D3B-A9A9-4CAB-82F0-5A5E0EC6B07A}.Ad-Hoc|ARM.ActiveCfg = Ad-Hoc|iPhone
		{11542D3B-A9A9-4CAB-82F0-5A5E0EC6B07A}.Ad-Hoc|iPhone.ActiveCfg = Ad-Hoc|iPhone
		{11542D3B-A9A9-4CAB-82F0-5A5E0EC6B07A}.Ad-Hoc|iPhone.Build.0 = Ad-Hoc|iPhone
		{11542D3B-A9A9-4CAB-82F0-5A5E0EC6B07A}.Ad-Hoc|iPhoneSimulator.ActiveCfg = Ad-Hoc|iPhoneSimulator
		{11542D3B-A9A9-4CAB-82F0-5A5E0EC6B07A}.Ad-Hoc|iPhoneSimulator.Build.0 = Ad-Hoc|iPhoneSimulator
		{11542D3B-A9A9-4CAB-82F0-5A5E0EC6B07A}.Ad-Hoc|x64.ActiveCfg = Ad-Hoc|iPhone
		{11542D3B-A9A9-4CAB-82F0-5A5E0EC6B07A}.Ad-Hoc|x86.ActiveCfg = Ad-Hoc|iPhone
		{11542D3B-A9A9-4CAB-82F0-5A5E0EC6B07A}.AppStore|Any CPU.ActiveCfg = AppStore|iPhone
		{11542D3B-A9A9-4CAB-82F0-5A5E0EC6B07A}.AppStore|ARM.ActiveCfg = AppStore|iPhone
		{11542D3B-A9A9-4CAB-82F0-5A5E0EC6B07A}.AppStore|iPhone.ActiveCfg = AppStore|iPhone
		{11542D3B-A9A9-4CAB-82F0-5A5E0EC6B07A}.AppStore|iPhone.Build.0 = AppStore|iPhone
		{11542D3B-A9A9-4CAB-82F0-5A5E0EC6B07A}.AppStore|iPhoneSimulator.ActiveCfg = AppStore|iPhoneSimulator
		{11542D3B-A9A9-4CAB-82F0-5A5E0EC6B07A}.AppStore|iPhoneSimulator.Build.0 = AppStore|iPhoneSimulator
		{11542D3B-A9A9-4CAB-82F0-5A5E0EC6B07A}.AppStore|x64.ActiveCfg = AppStore|iPhone
		{11542D3B-A9A9-4CAB-82F0-5A5E0EC6B07A}.AppStore|x86.ActiveCfg = AppStore|iPhone
		{11542D3B-A9A9-4CAB-82F0-5A5E0EC6B07A}.Debug|Any CPU.ActiveCfg = Debug|iPhone
		{11542D3B-A9A9-4CAB-82F0-5A5E0EC6B07A}.Debug|Any CPU.Build.0 = Debug|iPhone
		{11542D3B-A9A9-4CAB-82F0-5A5E0EC6B07A}.Debug|Any CPU.Deploy.0 = Debug|iPhone
		{11542D3B-A9A9-4CAB-82F0-5A5E0EC6B07A}.Debug|ARM.ActiveCfg = Debug|iPhone
		{11542D3B-A9A9-4CAB-82F0-5A5E0EC6B07A}.Debug|iPhone.ActiveCfg = Debug|iPhone
		{11542D3B-A9A9-4CAB-82F0-5A5E0EC6B07A}.Debug|iPhone.Build.0 = Debug|iPhone
		{11542D3B-A9A9-4CAB-82F0-5A5E0EC6B07A}.Debug|iPhoneSimulator.ActiveCfg = Debug|iPhoneSimulator
		{11542D3B-A9A9-4CAB-82F0-5A5E0EC6B07A}.Debug|iPhoneSimulator.Build.0 = Debug|iPhoneSimulator
		{11542D3B-A9A9-4CAB-82F0-5A5E0EC6B07A}.Debug|x64.ActiveCfg = Debug|iPhone
		{11542D3B-A9A9-4CAB-82F0-5A5E0EC6B07A}.Debug|x86.ActiveCfg = Debug|iPhone
		{11542D3B-A9A9-4CAB-82F0-5A5E0EC6B07A}.Debug|x86.Build.0 = Debug|iPhone
		{11542D3B-A9A9-4CAB-82F0-5A5E0EC6B07A}.Debug|x86.Deploy.0 = Debug|iPhone
		{11542D3B-A9A9-4CAB-82F0-5A5E0EC6B07A}.Release|Any CPU.ActiveCfg = Release|iPhone
		{11542D3B-A9A9-4CAB-82F0-5A5E0EC6B07A}.Release|Any CPU.Build.0 = Release|iPhone
		{11542D3B-A9A9-4CAB-82F0-5A5E0EC6B07A}.Release|Any CPU.Deploy.0 = Release|iPhone
		{11542D3B-A9A9-4CAB-82F0-5A5E0EC6B07A}.Release|ARM.ActiveCfg = Release|iPhone
		{11542D3B-A9A9-4CAB-82F0-5A5E0EC6B07A}.Release|iPhone.ActiveCfg = Release|iPhone
		{11542D3B-A9A9-4CAB-82F0-5A5E0EC6B07A}.Release|iPhone.Build.0 = Release|iPhone
		{11542D3B-A9A9-4CAB-82F0-5A5E0EC6B07A}.Release|iPhoneSimulator.ActiveCfg = Release|iPhoneSimulator
		{11542D3B-A9A9-4CAB-82F0-5A5E0EC6B07A}.Release|iPhoneSimulator.Build.0 = Release|iPhoneSimulator
		{11542D3B-A9A9-4CAB-82F0-5A5E0EC6B07A}.Release|x64.ActiveCfg = Release|iPhone
		{11542D3B-A9A9-4CAB-82F0-5A5E0EC6B07A}.Release|x86.ActiveCfg = Release|iPhone
		{11542D3B-A9A9-4CAB-82F0-5A5E0EC6B07A}.Release|x86.Build.0 = Release|iPhone
		{11542D3B-A9A9-4CAB-82F0-5A5E0EC6B07A}.Release|x86.Deploy.0 = Release|iPhone
		{89FC8003-3F0F-4C7E-A78D-A59D268792E4}.Ad-Hoc|Any CPU.ActiveCfg = Release|x86
		{89FC8003-3F0F-4C7E-A78D-A59D268792E4}.Ad-Hoc|Any CPU.Build.0 = Release|x86
		{89FC8003-3F0F-4C7E-A78D-A59D268792E4}.Ad-Hoc|Any CPU.Deploy.0 = Release|x86
		{89FC8003-3F0F-4C7E-A78D-A59D268792E4}.Ad-Hoc|ARM.ActiveCfg = Release|ARM
		{89FC8003-3F0F-4C7E-A78D-A59D268792E4}.Ad-Hoc|ARM.Build.0 = Release|ARM
		{89FC8003-3F0F-4C7E-A78D-A59D268792E4}.Ad-Hoc|ARM.Deploy.0 = Release|ARM
		{89FC8003-3F0F-4C7E-A78D-A59D268792E4}.Ad-Hoc|iPhone.ActiveCfg = Release|x86
		{89FC8003-3F0F-4C7E-A78D-A59D268792E4}.Ad-Hoc|iPhone.Build.0 = Release|x86
		{89FC8003-3F0F-4C7E-A78D-A59D268792E4}.Ad-Hoc|iPhone.Deploy.0 = Release|x86
		{89FC8003-3F0F-4C7E-A78D-A59D268792E4}.Ad-Hoc|iPhoneSimulator.ActiveCfg = Release|x86
		{89FC8003-3F0F-4C7E-A78D-A59D268792E4}.Ad-Hoc|iPhoneSimulator.Build.0 = Release|x86
		{89FC8003-3F0F-4C7E-A78D-A59D268792E4}.Ad-Hoc|iPhoneSimulator.Deploy.0 = Release|x86
		{89FC8003-3F0F-4C7E-A78D-A59D268792E4}.Ad-Hoc|x64.ActiveCfg = Release|x64
		{89FC8003-3F0F-4C7E-A78D-A59D268792E4}.Ad-Hoc|x64.Build.0 = Release|x64
		{89FC8003-3F0F-4C7E-A78D-A59D268792E4}.Ad-Hoc|x64.Deploy.0 = Release|x64
		{89FC8003-3F0F-4C7E-A78D-A59D268792E4}.Ad-Hoc|x86.ActiveCfg = Release|x86
		{89FC8003-3F0F-4C7E-A78D-A59D268792E4}.Ad-Hoc|x86.Build.0 = Release|x86
		{89FC8003-3F0F-4C7E-A78D-A59D268792E4}.Ad-Hoc|x86.Deploy.0 = Release|x86
		{89FC8003-3F0F-4C7E-A78D-A59D268792E4}.AppStore|Any CPU.ActiveCfg = Release|x86
		{89FC8003-3F0F-4C7E-A78D-A59D268792E4}.AppStore|Any CPU.Build.0 = Release|x86
		{89FC8003-3F0F-4C7E-A78D-A59D268792E4}.AppStore|Any CPU.Deploy.0 = Release|x86
		{89FC8003-3F0F-4C7E-A78D-A59D268792E4}.AppStore|ARM.ActiveCfg = Release|ARM
		{89FC8003-3F0F-4C7E-A78D-A59D268792E4}.AppStore|ARM.Build.0 = Release|ARM
		{89FC8003-3F0F-4C7E-A78D-A59D268792E4}.AppStore|ARM.Deploy.0 = Release|ARM
		{89FC8003-3F0F-4C7E-A78D-A59D268792E4}.AppStore|iPhone.ActiveCfg = Release|x86
		{89FC8003-3F0F-4C7E-A78D-A59D268792E4}.AppStore|iPhone.Build.0 = Release|x86
		{89FC8003-3F0F-4C7E-A78D-A59D268792E4}.AppStore|iPhone.Deploy.0 = Release|x86
		{89FC8003-3F0F-4C7E-A78D-A59D268792E4}.AppStore|iPhoneSimulator.ActiveCfg = Release|x86
		{89FC8003-3F0F-4C7E-A78D-A59D268792E4}.AppStore|iPhoneSimulator.Build.0 = Release|x86
		{89FC8003-3F0F-4C7E-A78D-A59D268792E4}.AppStore|iPhoneSimulator.Deploy.0 = Release|x86
		{89FC8003-3F0F-4C7E-A78D-A59D268792E4}.AppStore|x64.ActiveCfg = Release|x64
		{89FC8003-3F0F-4C7E-A78D-A59D268792E4}.AppStore|x64.Build.0 = Release|x64
		{89FC8003-3F0F-4C7E-A78D-A59D268792E4}.AppStore|x64.Deploy.0 = Release|x64
		{89FC8003-3F0F-4C7E-A78D-A59D268792E4}.AppStore|x86.ActiveCfg = Release|x86
		{89FC8003-3F0F-4C7E-A78D-A59D268792E4}.AppStore|x86.Build.0 = Release|x86
		{89FC8003-3F0F-4C7E-A78D-A59D268792E4}.AppStore|x86.Deploy.0 = Release|x86
		{89FC8003-3F0F-4C7E-A78D-A59D268792E4}.Debug|Any CPU.ActiveCfg = Debug|x86
		{89FC8003-3F0F-4C7E-A78D-A59D268792E4}.Debug|Any CPU.Build.0 = Debug|x86
		{89FC8003-3F0F-4C7E-A78D-A59D268792E4}.Debug|Any CPU.Deploy.0 = Debug|x86
		{89FC8003-3F0F-4C7E-A78D-A59D268792E4}.Debug|ARM.ActiveCfg = Debug|ARM
		{89FC8003-3F0F-4C7E-A78D-A59D268792E4}.Debug|ARM.Build.0 = Debug|ARM
		{89FC8003-3F0F-4C7E-A78D-A59D268792E4}.Debug|ARM.Deploy.0 = Debug|ARM
		{89FC8003-3F0F-4C7E-A78D-A59D268792E4}.Debug|iPhone.ActiveCfg = Debug|x86
		{89FC8003-3F0F-4C7E-A78D-A59D268792E4}.Debug|iPhoneSimulator.ActiveCfg = Debug|x86
		{89FC8003-3F0F-4C7E-A78D-A59D268792E4}.Debug|x64.ActiveCfg = Debug|x64
		{89FC8003-3F0F-4C7E-A78D-A59D268792E4}.Debug|x64.Build.0 = Debug|x64
		{89FC8003-3F0F-4C7E-A78D-A59D268792E4}.Debug|x64.Deploy.0 = Debug|x64
		{89FC8003-3F0F-4C7E-A78D-A59D268792E4}.Debug|x86.ActiveCfg = Debug|x86
		{89FC8003-3F0F-4C7E-A78D-A59D268792E4}.Debug|x86.Build.0 = Debug|x86
		{89FC8003-3F0F-4C7E-A78D-A59D268792E4}.Debug|x86.Deploy.0 = Debug|x86
		{89FC8003-3F0F-4C7E-A78D-A59D268792E4}.Release|Any CPU.ActiveCfg = Release|x86
		{89FC8003-3F0F-4C7E-A78D-A59D268792E4}.Release|Any CPU.Build.0 = Release|x86
		{89FC8003-3F0F-4C7E-A78D-A59D268792E4}.Release|Any CPU.Deploy.0 = Release|x86
		{89FC8003-3F0F-4C7E-A78D-A59D268792E4}.Release|ARM.ActiveCfg = Release|ARM
		{89FC8003-3F0F-4C7E-A78D-A59D268792E4}.Release|ARM.Build.0 = Release|ARM
		{89FC8003-3F0F-4C7E-A78D-A59D268792E4}.Release|ARM.Deploy.0 = Release|ARM
		{89FC8003-3F0F-4C7E-A78D-A59D268792E4}.Release|iPhone.ActiveCfg = Release|x86
		{89FC8003-3F0F-4C7E-A78D-A59D268792E4}.Release|iPhoneSimulator.ActiveCfg = Release|x86
		{89FC8003-3F0F-4C7E-A78D-A59D268792E4}.Release|x64.ActiveCfg = Release|x64
		{89FC8003-3F0F-4C7E-A78D-A59D268792E4}.Release|x64.Build.0 = Release|x64
		{89FC8003-3F0F-4C7E-A78D-A59D268792E4}.Release|x64.Deploy.0 = Release|x64
		{89FC8003-3F0F-4C7E-A78D-A59D268792E4}.Release|x86.ActiveCfg = Release|x86
		{89FC8003-3F0F-4C7E-A78D-A59D268792E4}.Release|x86.Build.0 = Release|x86
		{89FC8003-3F0F-4C7E-A78D-A59D268792E4}.Release|x86.Deploy.0 = Release|x86
		{1AC58434-49C8-4DB8-9B5D-4B25A064D2A7}.Ad-Hoc|Any CPU.ActiveCfg = Debug|Any CPU
		{1AC58434-49C8-4DB8-9B5D-4B25A064D2A7}.Ad-Hoc|Any CPU.Build.0 = Debug|Any CPU
		{1AC58434-49C8-4DB8-9B5D-4B25A064D2A7}.Ad-Hoc|ARM.ActiveCfg = Debug|Any CPU
		{1AC58434-49C8-4DB8-9B5D-4B25A064D2A7}.Ad-Hoc|ARM.Build.0 = Debug|Any CPU
		{1AC58434-49C8-4DB8-9B5D-4B25A064D2A7}.Ad-Hoc|iPhone.ActiveCfg = Debug|Any CPU
		{1AC58434-49C8-4DB8-9B5D-4B25A064D2A7}.Ad-Hoc|iPhone.Build.0 = Debug|Any CPU
		{1AC58434-49C8-4DB8-9B5D-4B25A064D2A7}.Ad-Hoc|iPhoneSimulator.ActiveCfg = Debug|Any CPU
		{1AC58434-49C8-4DB8-9B5D-4B25A064D2A7}.Ad-Hoc|iPhoneSimulator.Build.0 = Debug|Any CPU
		{1AC58434-49C8-4DB8-9B5D-4B25A064D2A7}.Ad-Hoc|x64.ActiveCfg = Debug|Any CPU
		{1AC58434-49C8-4DB8-9B5D-4B25A064D2A7}.Ad-Hoc|x64.Build.0 = Debug|Any CPU
		{1AC58434-49C8-4DB8-9B5D-4B25A064D2A7}.Ad-Hoc|x86.ActiveCfg = Debug|Any CPU
		{1AC58434-49C8-4DB8-9B5D-4B25A064D2A7}.Ad-Hoc|x86.Build.0 = Debug|Any CPU
		{1AC58434-49C8-4DB8-9B5D-4B25A064D2A7}.AppStore|Any CPU.ActiveCfg = Debug|Any CPU
		{1AC58434-49C8-4DB8-9B5D-4B25A064D2A7}.AppStore|Any CPU.Build.0 = Debug|Any CPU
		{1AC58434-49C8-4DB8-9B5D-4B25A064D2A7}.AppStore|ARM.ActiveCfg = Debug|Any CPU
		{1AC58434-49C8-4DB8-9B5D-4B25A064D2A7}.AppStore|ARM.Build.0 = Debug|Any CPU
		{1AC58434-49C8-4DB8-9B5D-4B25A064D2A7}.AppStore|iPhone.ActiveCfg = Debug|Any CPU
		{1AC58434-49C8-4DB8-9B5D-4B25A064D2A7}.AppStore|iPhone.Build.0 = Debug|Any CPU
		{1AC58434-49C8-4DB8-9B5D-4B25A064D2A7}.AppStore|iPhoneSimulator.ActiveCfg = Debug|Any CPU
		{1AC58434-49C8-4DB8-9B5D-4B25A064D2A7}.AppStore|iPhoneSimulator.Build.0 = Debug|Any CPU
		{1AC58434-49C8-4DB8-9B5D-4B25A064D2A7}.AppStore|x64.ActiveCfg = Debug|Any CPU
		{1AC58434-49C8-4DB8-9B5D-4B25A064D2A7}.AppStore|x64.Build.0 = Debug|Any CPU
		{1AC58434-49C8-4DB8-9B5D-4B25A064D2A7}.AppStore|x86.ActiveCfg = Debug|Any CPU
		{1AC58434-49C8-4DB8-9B5D-4B25A064D2A7}.AppStore|x86.Build.0 = Debug|Any CPU
		{1AC58434-49C8-4DB8-9B5D-4B25A064D2A7}.Debug|Any CPU.ActiveCfg = Debug|Any CPU
		{1AC58434-49C8-4DB8-9B5D-4B25A064D2A7}.Debug|Any CPU.Build.0 = Debug|Any CPU
		{1AC58434-49C8-4DB8-9B5D-4B25A064D2A7}.Debug|ARM.ActiveCfg = Debug|Any CPU
		{1AC58434-49C8-4DB8-9B5D-4B25A064D2A7}.Debug|ARM.Build.0 = Debug|Any CPU
		{1AC58434-49C8-4DB8-9B5D-4B25A064D2A7}.Debug|iPhone.ActiveCfg = Debug|Any CPU
		{1AC58434-49C8-4DB8-9B5D-4B25A064D2A7}.Debug|iPhone.Build.0 = Debug|Any CPU
		{1AC58434-49C8-4DB8-9B5D-4B25A064D2A7}.Debug|iPhoneSimulator.ActiveCfg = Debug|Any CPU
		{1AC58434-49C8-4DB8-9B5D-4B25A064D2A7}.Debug|iPhoneSimulator.Build.0 = Debug|Any CPU
		{1AC58434-49C8-4DB8-9B5D-4B25A064D2A7}.Debug|x64.ActiveCfg = Debug|Any CPU
		{1AC58434-49C8-4DB8-9B5D-4B25A064D2A7}.Debug|x64.Build.0 = Debug|Any CPU
		{1AC58434-49C8-4DB8-9B5D-4B25A064D2A7}.Debug|x86.ActiveCfg = Debug|Any CPU
		{1AC58434-49C8-4DB8-9B5D-4B25A064D2A7}.Debug|x86.Build.0 = Debug|Any CPU
		{1AC58434-49C8-4DB8-9B5D-4B25A064D2A7}.Release|Any CPU.ActiveCfg = Release|Any CPU
		{1AC58434-49C8-4DB8-9B5D-4B25A064D2A7}.Release|Any CPU.Build.0 = Release|Any CPU
		{1AC58434-49C8-4DB8-9B5D-4B25A064D2A7}.Release|ARM.ActiveCfg = Release|Any CPU
		{1AC58434-49C8-4DB8-9B5D-4B25A064D2A7}.Release|ARM.Build.0 = Release|Any CPU
		{1AC58434-49C8-4DB8-9B5D-4B25A064D2A7}.Release|iPhone.ActiveCfg = Release|Any CPU
		{1AC58434-49C8-4DB8-9B5D-4B25A064D2A7}.Release|iPhone.Build.0 = Release|Any CPU
		{1AC58434-49C8-4DB8-9B5D-4B25A064D2A7}.Release|iPhoneSimulator.ActiveCfg = Release|Any CPU
		{1AC58434-49C8-4DB8-9B5D-4B25A064D2A7}.Release|iPhoneSimulator.Build.0 = Release|Any CPU
		{1AC58434-49C8-4DB8-9B5D-4B25A064D2A7}.Release|x64.ActiveCfg = Release|Any CPU
		{1AC58434-49C8-4DB8-9B5D-4B25A064D2A7}.Release|x64.Build.0 = Release|Any CPU
		{1AC58434-49C8-4DB8-9B5D-4B25A064D2A7}.Release|x86.ActiveCfg = Release|Any CPU
		{1AC58434-49C8-4DB8-9B5D-4B25A064D2A7}.Release|x86.Build.0 = Release|Any CPU
	EndGlobalSection
	GlobalSection(SolutionProperties) = preSolution
		HideSolutionNode = FALSE
	EndGlobalSection
	GlobalSection(NestedProjects) = preSolution
		{1AC58434-49C8-4DB8-9B5D-4B25A064D2A7} = {B5715CBD-E0AC-4EBF-9CEC-00292417D81C}
	EndGlobalSection
	GlobalSection(ExtensibilityGlobals) = postSolution
		SolutionGuid = {353EDF8F-ED22-4C83-A125-2E9338B5EC30}
	EndGlobalSection
EndGlobal
